
Microsoft Visual Studio Solution File, Format Version 12.00
# Visual Studio Version 17
VisualStudioVersion = 17.2.32616.157
MinimumVisualStudioVersion = 10.0.40219.1
Project("{FAE04EC0-301F-11D3-BF4B-00C04F79EFBC}") = "KeyBox", "KeyBox\KeyBox.csproj", "{BA32FA63-2F0E-4621-93F3-0B9AC04E5E07}"
EndProject
Global
	GlobalSection(SolutionConfigurationPlatforms) = preSolution
		Debug|Any CPU = Debug|Any CPU
		Release|Any CPU = Release|Any CPU
	EndGlobalSection
	GlobalSection(ProjectConfigurationPlatforms) = postSolution
		{BA32FA63-2F0E-4621-93F3-0B9AC04E5E07}.Debug|Any CPU.ActiveCfg = Debug|Any CPU
		{BA32FA63-2F0E-4621-93F3-0B9AC04E5E07}.Debug|Any CPU.Build.0 = Debug|Any CPU
		{BA32FA63-2F0E-4621-93F3-0B9AC04E5E07}.Release|Any CPU.ActiveCfg = Release|Any CPU
		{BA32FA63-2F0E-4621-93F3-0B9AC04E5E07}.Release|Any CPU.Build.0 = Release|Any CPU
	EndGlobalSection
	GlobalSection(SolutionProperties) = preSolution
		HideSolutionNode = FALSE
	EndGlobalSection
	GlobalSection(ExtensibilityGlobals) = postSolution
		SolutionGuid = {023572BD-075C-46D1-86DA-FD9FE4E5192A}
	EndGlobalSection
EndGlobal
